// !$*UTF8*$!
{
	archiveVersion = 1;
	classes = {
	};
	objectVersion = 55;
	objects = {

/* Begin PBXBuildFile section */
		BF8F9F0C26FA1F04008E1B38 /* FirebaseTestApp.swift in Sources */ = {isa = PBXBuildFile; fileRef = BF8F9EFC26FA1F01008E1B38 /* FirebaseTestApp.swift */; };
		BF8F9F0E26FA1F04008E1B38 /* ContentView.swift in Sources */ = {isa = PBXBuildFile; fileRef = BF8F9EFD26FA1F01008E1B38 /* ContentView.swift */; };
		BF8F9F1026FA1F04008E1B38 /* Assets.xcassets in Resources */ = {isa = PBXBuildFile; fileRef = BF8F9EFE26FA1F04008E1B38 /* Assets.xcassets */; };
		BF8F9F1C26FA1F7B008E1B38 /* FirebaseAuth in Frameworks */ = {isa = PBXBuildFile; productRef = BF8F9F1B26FA1F7B008E1B38 /* FirebaseAuth */; };
		BF8F9F1E26FA1F7B008E1B38 /* FirebaseDatabase in Frameworks */ = {isa = PBXBuildFile; productRef = BF8F9F1D26FA1F7B008E1B38 /* FirebaseDatabase */; };
		BF8F9F2026FA1F7B008E1B38 /* FirebaseFirestore in Frameworks */ = {isa = PBXBuildFile; productRef = BF8F9F1F26FA1F7B008E1B38 /* FirebaseFirestore */; };
		BF8F9F2226FA1F7B008E1B38 /* FirebaseMessaging in Frameworks */ = {isa = PBXBuildFile; productRef = BF8F9F2126FA1F7B008E1B38 /* FirebaseMessaging */; };
		BF8F9F2426FA1F7B008E1B38 /* FirebaseStorage in Frameworks */ = {isa = PBXBuildFile; productRef = BF8F9F2326FA1F7B008E1B38 /* FirebaseStorage */; };
		BF8F9F3126FA22A7008E1B38 /* Book.swift in Sources */ = {isa = PBXBuildFile; fileRef = BF8F9F3026FA22A7008E1B38 /* Book.swift */; };
		BF8F9F3426FA234B008E1B38 /* BooksViewModel.swift in Sources */ = {isa = PBXBuildFile; fileRef = BF8F9F3326FA234B008E1B38 /* BooksViewModel.swift */; };
		BF8F9F3626FA27B8008E1B38 /* GoogleService-Info.plist in Resources */ = {isa = PBXBuildFile; fileRef = BF8F9F3526FA27B7008E1B38 /* GoogleService-Info.plist */; };
		BF8F9F3826FB013B008E1B38 /* BooksPreviewView.swift in Sources */ = {isa = PBXBuildFile; fileRef = BF8F9F3726FB013B008E1B38 /* BooksPreviewView.swift */; };
		BF8F9F4226FB06F5008E1B38 /* LogInView.swift in Sources */ = {isa = PBXBuildFile; fileRef = BF8F9F4126FB06F5008E1B38 /* LogInView.swift */; };
		BF8F9F4426FB079B008E1B38 /* Authentication.swift in Sources */ = {isa = PBXBuildFile; fileRef = BF8F9F4326FB079B008E1B38 /* Authentication.swift */; };
		BF8F9F4626FB3399008E1B38 /* SuccessView.swift in Sources */ = {isa = PBXBuildFile; fileRef = BF8F9F4526FB3399008E1B38 /* SuccessView.swift */; };
/* End PBXBuildFile section */

/* Begin PBXFileReference section */
		BF8F9EFC26FA1F01008E1B38 /* FirebaseTestApp.swift */ = {isa = PBXFileReference; lastKnownFileType = sourcecode.swift; path = FirebaseTestApp.swift; sourceTree = "<group>"; };
		BF8F9EFD26FA1F01008E1B38 /* ContentView.swift */ = {isa = PBXFileReference; lastKnownFileType = sourcecode.swift; path = ContentView.swift; sourceTree = "<group>"; };
		BF8F9EFE26FA1F04008E1B38 /* Assets.xcassets */ = {isa = PBXFileReference; lastKnownFileType = folder.assetcatalog; path = Assets.xcassets; sourceTree = "<group>"; };
		BF8F9F0326FA1F04008E1B38 /* FirebaseTest.app */ = {isa = PBXFileReference; explicitFileType = wrapper.application; includeInIndex = 0; path = FirebaseTest.app; sourceTree = BUILT_PRODUCTS_DIR; };
		BF8F9F0B26FA1F04008E1B38 /* macOS.entitlements */ = {isa = PBXFileReference; lastKnownFileType = text.plist.entitlements; path = macOS.entitlements; sourceTree = "<group>"; };
		BF8F9F3026FA22A7008E1B38 /* Book.swift */ = {isa = PBXFileReference; lastKnownFileType = sourcecode.swift; path = Book.swift; sourceTree = "<group>"; };
		BF8F9F3326FA234B008E1B38 /* BooksViewModel.swift */ = {isa = PBXFileReference; lastKnownFileType = sourcecode.swift; path = BooksViewModel.swift; sourceTree = "<group>"; };
		BF8F9F3526FA27B7008E1B38 /* GoogleService-Info.plist */ = {isa = PBXFileReference; fileEncoding = 4; lastKnownFileType = text.plist.xml; name = "GoogleService-Info.plist"; path = "../../../../../Downloads/GoogleService-Info.plist"; sourceTree = "<group>"; };
		BF8F9F3726FB013B008E1B38 /* BooksPreviewView.swift */ = {isa = PBXFileReference; lastKnownFileType = sourcecode.swift; path = BooksPreviewView.swift; sourceTree = "<group>"; };
		BF8F9F4126FB06F5008E1B38 /* LogInView.swift */ = {isa = PBXFileReference; lastKnownFileType = sourcecode.swift; path = LogInView.swift; sourceTree = "<group>"; };
		BF8F9F4326FB079B008E1B38 /* Authentication.swift */ = {isa = PBXFileReference; lastKnownFileType = sourcecode.swift; path = Authentication.swift; sourceTree = "<group>"; };
		BF8F9F4526FB3399008E1B38 /* SuccessView.swift */ = {isa = PBXFileReference; lastKnownFileType = sourcecode.swift; path = SuccessView.swift; sourceTree = "<group>"; };
/* End PBXFileReference section */

/* Begin PBXFrameworksBuildPhase section */
		BF8F9F0026FA1F04008E1B38 /* Frameworks */ = {
			isa = PBXFrameworksBuildPhase;
			buildActionMask = 2147483647;
			files = (
				BF8F9F2226FA1F7B008E1B38 /* FirebaseMessaging in Frameworks */,
				BF8F9F1E26FA1F7B008E1B38 /* FirebaseDatabase in Frameworks */,
				BF8F9F1C26FA1F7B008E1B38 /* FirebaseAuth in Frameworks */,
				BF8F9F2426FA1F7B008E1B38 /* FirebaseStorage in Frameworks */,
				BF8F9F2026FA1F7B008E1B38 /* FirebaseFirestore in Frameworks */,
			);
			runOnlyForDeploymentPostprocessing = 0;
		};
/* End PBXFrameworksBuildPhase section */

/* Begin PBXGroup section */
		BF8F9EF626FA1F01008E1B38 = {
			isa = PBXGroup;
			children = (
				BF8F9EFB26FA1F01008E1B38 /* Shared */,
				BF8F9F0A26FA1F04008E1B38 /* macOS */,
				BF8F9F0426FA1F04008E1B38 /* Products */,
			);
			sourceTree = "<group>";
		};
		BF8F9EFB26FA1F01008E1B38 /* Shared */ = {
			isa = PBXGroup;
			children = (
				BF8F9EFC26FA1F01008E1B38 /* FirebaseTestApp.swift */,
				BF8F9EFD26FA1F01008E1B38 /* ContentView.swift */,
				BF8F9F3E26FB06C4008E1B38 /* Firebase Authentication */,
				BF8F9F3926FB01B6008E1B38 /* Firebase Firestore */,
				BF8F9EFE26FA1F04008E1B38 /* Assets.xcassets */,
				BF8F9F3526FA27B7008E1B38 /* GoogleService-Info.plist */,
			);
			path = Shared;
			sourceTree = "<group>";
		};
		BF8F9F0426FA1F04008E1B38 /* Products */ = {
			isa = PBXGroup;
			children = (
				BF8F9F0326FA1F04008E1B38 /* FirebaseTest.app */,
			);
			name = Products;
			sourceTree = "<group>";
		};
		BF8F9F0A26FA1F04008E1B38 /* macOS */ = {
			isa = PBXGroup;
			children = (
				BF8F9F0B26FA1F04008E1B38 /* macOS.entitlements */,
			);
			path = macOS;
			sourceTree = "<group>";
		};
		BF8F9F2D26FA2280008E1B38 /* Model */ = {
			isa = PBXGroup;
			children = (
				BF8F9F3026FA22A7008E1B38 /* Book.swift */,
			);
			path = Model;
			sourceTree = "<group>";
		};
		BF8F9F3226FA2331008E1B38 /* ViewModel */ = {
			isa = PBXGroup;
			children = (
				BF8F9F3326FA234B008E1B38 /* BooksViewModel.swift */,
			);
			path = ViewModel;
			sourceTree = "<group>";
		};
		BF8F9F3926FB01B6008E1B38 /* Firebase Firestore */ = {
			isa = PBXGroup;
			children = (
				BF8F9F3D26FB05CA008E1B38 /* View */,
				BF8F9F3226FA2331008E1B38 /* ViewModel */,
				BF8F9F2D26FA2280008E1B38 /* Model */,
			);
			path = "Firebase Firestore";
			sourceTree = "<group>";
		};
		BF8F9F3D26FB05CA008E1B38 /* View */ = {
			isa = PBXGroup;
			children = (
				BF8F9F3726FB013B008E1B38 /* BooksPreviewView.swift */,
			);
			path = View;
			sourceTree = "<group>";
		};
		BF8F9F3E26FB06C4008E1B38 /* Firebase Authentication */ = {
			isa = PBXGroup;
			children = (
				BF8F9F4026FB06D6008E1B38 /* Model */,
				BF8F9F3F26FB06CF008E1B38 /* View */,
			);
			path = "Firebase Authentication";
			sourceTree = "<group>";
		};
		BF8F9F3F26FB06CF008E1B38 /* View */ = {
			isa = PBXGroup;
			children = (
				BF8F9F4126FB06F5008E1B38 /* LogInView.swift */,
				BF8F9F4526FB3399008E1B38 /* SuccessView.swift */,
			);
			path = View;
			sourceTree = "<group>";
		};
		BF8F9F4026FB06D6008E1B38 /* Model */ = {
			isa = PBXGroup;
			children = (
				BF8F9F4326FB079B008E1B38 /* Authentication.swift */,
			);
			path = Model;
			sourceTree = "<group>";
		};
/* End PBXGroup section */

/* Begin PBXNativeTarget section */
		BF8F9F0226FA1F04008E1B38 /* FirebaseTest (iOS) */ = {
			isa = PBXNativeTarget;
			buildConfigurationList = BF8F9F1426FA1F04008E1B38 /* Build configuration list for PBXNativeTarget "FirebaseTest (iOS)" */;
			buildPhases = (
				BF8F9EFF26FA1F04008E1B38 /* Sources */,
				BF8F9F0026FA1F04008E1B38 /* Frameworks */,
				BF8F9F0126FA1F04008E1B38 /* Resources */,
			);
			buildRules = (
			);
			dependencies = (
			);
			name = "FirebaseTest (iOS)";
			packageProductDependencies = (
				BF8F9F1B26FA1F7B008E1B38 /* FirebaseAuth */,
				BF8F9F1D26FA1F7B008E1B38 /* FirebaseDatabase */,
				BF8F9F1F26FA1F7B008E1B38 /* FirebaseFirestore */,
				BF8F9F2126FA1F7B008E1B38 /* FirebaseMessaging */,
				BF8F9F2326FA1F7B008E1B38 /* FirebaseStorage */,
			);
			productName = "FirebaseTest (iOS)";
			productReference = BF8F9F0326FA1F04008E1B38 /* FirebaseTest.app */;
			productType = "com.apple.product-type.application";
		};
/* End PBXNativeTarget section */

/* Begin PBXProject section */
		BF8F9EF726FA1F01008E1B38 /* Project object */ = {
			isa = PBXProject;
			attributes = {
				BuildIndependentTargetsInParallel = 1;
				LastSwiftUpdateCheck = 1300;
				LastUpgradeCheck = 1300;
				TargetAttributes = {
					BF8F9F0226FA1F04008E1B38 = {
						CreatedOnToolsVersion = 13.0;
					};
				};
			};
			buildConfigurationList = BF8F9EFA26FA1F01008E1B38 /* Build configuration list for PBXProject "FirebaseTest" */;
			compatibilityVersion = "Xcode 13.0";
			developmentRegion = en;
			hasScannedForEncodings = 0;
			knownRegions = (
				en,
				Base,
			);
			mainGroup = BF8F9EF626FA1F01008E1B38;
			packageReferences = (
				BF8F9F1A26FA1F7B008E1B38 /* XCRemoteSwiftPackageReference "firebase-ios-sdk" */,
			);
			productRefGroup = BF8F9F0426FA1F04008E1B38 /* Products */;
			projectDirPath = "";
			projectRoot = "";
			targets = (
				BF8F9F0226FA1F04008E1B38 /* FirebaseTest (iOS) */,
			);
		};
/* End PBXProject section */

/* Begin PBXResourcesBuildPhase section */
		BF8F9F0126FA1F04008E1B38 /* Resources */ = {
			isa = PBXResourcesBuildPhase;
			buildActionMask = 2147483647;
			files = (
				BF8F9F3626FA27B8008E1B38 /* GoogleService-Info.plist in Resources */,
				BF8F9F1026FA1F04008E1B38 /* Assets.xcassets in Resources */,
			);
			runOnlyForDeploymentPostprocessing = 0;
		};
/* End PBXResourcesBuildPhase section */

/* Begin PBXSourcesBuildPhase section */
		BF8F9EFF26FA1F04008E1B38 /* Sources */ = {
			isa = PBXSourcesBuildPhase;
			buildActionMask = 2147483647;
			files = (
				BF8F9F4626FB3399008E1B38 /* SuccessView.swift in Sources */,
				BF8F9F4426FB079B008E1B38 /* Authentication.swift in Sources */,
				BF8F9F3826FB013B008E1B38 /* BooksPreviewView.swift in Sources */,
				BF8F9F0E26FA1F04008E1B38 /* ContentView.swift in Sources */,
				BF8F9F4226FB06F5008E1B38 /* LogInView.swift in Sources */,
				BF8F9F3426FA234B008E1B38 /* BooksViewModel.swift in Sources */,
				BF8F9F0C26FA1F04008E1B38 /* FirebaseTestApp.swift in Sources */,
				BF8F9F3126FA22A7008E1B38 /* Book.swift in Sources */,
			);
			runOnlyForDeploymentPostprocessing = 0;
		};
/* End PBXSourcesBuildPhase section */

/* Begin XCBuildConfiguration section */
		BF8F9F1226FA1F04008E1B38 /* Debug */ = {
			isa = XCBuildConfiguration;
			buildSettings = {
				ALWAYS_SEARCH_USER_PATHS = NO;
				CLANG_ANALYZER_NONNULL = YES;
				CLANG_ANALYZER_NUMBER_OBJECT_CONVERSION = YES_AGGRESSIVE;
				CLANG_CXX_LANGUAGE_STANDARD = "gnu++17";
				CLANG_CXX_LIBRARY = "libc++";
				CLANG_ENABLE_MODULES = YES;
				CLANG_ENABLE_OBJC_ARC = YES;
				CLANG_ENABLE_OBJC_WEAK = YES;
				CLANG_WARN_BLOCK_CAPTURE_AUTORELEASING = YES;
				CLANG_WARN_BOOL_CONVERSION = YES;
				CLANG_WARN_COMMA = YES;
				CLANG_WARN_CONSTANT_CONVERSION = YES;
				CLANG_WARN_DEPRECATED_OBJC_IMPLEMENTATIONS = YES;
				CLANG_WARN_DIRECT_OBJC_ISA_USAGE = YES_ERROR;
				CLANG_WARN_DOCUMENTATION_COMMENTS = YES;
				CLANG_WARN_EMPTY_BODY = YES;
				CLANG_WARN_ENUM_CONVERSION = YES;
				CLANG_WARN_INFINITE_RECURSION = YES;
				CLANG_WARN_INT_CONVERSION = YES;
				CLANG_WARN_NON_LITERAL_NULL_CONVERSION = YES;
				CLANG_WARN_OBJC_IMPLICIT_RETAIN_SELF = YES;
				CLANG_WARN_OBJC_LITERAL_CONVERSION = YES;
				CLANG_WARN_OBJC_ROOT_CLASS = YES_ERROR;
				CLANG_WARN_QUOTED_INCLUDE_IN_FRAMEWORK_HEADER = YES;
				CLANG_WARN_RANGE_LOOP_ANALYSIS = YES;
				CLANG_WARN_STRICT_PROTOTYPES = YES;
				CLANG_WARN_SUSPICIOUS_MOVE = YES;
				CLANG_WARN_UNGUARDED_AVAILABILITY = YES_AGGRESSIVE;
				CLANG_WARN_UNREACHABLE_CODE = YES;
				CLANG_WARN__DUPLICATE_METHOD_MATCH = YES;
				COPY_PHASE_STRIP = NO;
				DEBUG_INFORMATION_FORMAT = dwarf;
				ENABLE_STRICT_OBJC_MSGSEND = YES;
				ENABLE_TESTABILITY = YES;
				GCC_C_LANGUAGE_STANDARD = gnu11;
				GCC_DYNAMIC_NO_PIC = NO;
				GCC_NO_COMMON_BLOCKS = YES;
				GCC_OPTIMIZATION_LEVEL = 0;
				GCC_PREPROCESSOR_DEFINITIONS = (
					"DEBUG=1",
					"$(inherited)",
				);
				GCC_WARN_64_TO_32_BIT_CONVERSION = YES;
				GCC_WARN_ABOUT_RETURN_TYPE = YES_ERROR;
				GCC_WARN_UNDECLARED_SELECTOR = YES;
				GCC_WARN_UNINITIALIZED_AUTOS = YES_AGGRESSIVE;
				GCC_WARN_UNUSED_FUNCTION = YES;
				GCC_WARN_UNUSED_VARIABLE = YES;
				IPHONEOS_DEPLOYMENT_TARGET = 15.0;
				MTL_ENABLE_DEBUG_INFO = INCLUDE_SOURCE;
				MTL_FAST_MATH = YES;
				ONLY_ACTIVE_ARCH = YES;
				SWIFT_ACTIVE_COMPILATION_CONDITIONS = DEBUG;
				SWIFT_OPTIMIZATION_LEVEL = "-Onone";
			};
			name = Debug;
		};
		BF8F9F1326FA1F04008E1B38 /* Release */ = {
			isa = XCBuildConfiguration;
			buildSettings = {
				ALWAYS_SEARCH_USER_PATHS = NO;
				CLANG_ANALYZER_NONNULL = YES;
				CLANG_ANALYZER_NUMBER_OBJECT_CONVERSION = YES_AGGRESSIVE;
				CLANG_CXX_LANGUAGE_STANDARD = "gnu++17";
				CLANG_CXX_LIBRARY = "libc++";
				CLANG_ENABLE_MODULES = YES;
				CLANG_ENABLE_OBJC_ARC = YES;
				CLANG_ENABLE_OBJC_WEAK = YES;
				CLANG_WARN_BLOCK_CAPTURE_AUTORELEASING = YES;
				CLANG_WARN_BOOL_CONVERSION = YES;
				CLANG_WARN_COMMA = YES;
				CLANG_WARN_CONSTANT_CONVERSION = YES;
				CLANG_WARN_DEPRECATED_OBJC_IMPLEMENTATIONS = YES;
				CLANG_WARN_DIRECT_OBJC_ISA_USAGE = YES_ERROR;
				CLANG_WARN_DOCUMENTATION_COMMENTS = YES;
				CLANG_WARN_EMPTY_BODY = YES;
				CLANG_WARN_ENUM_CONVERSION = YES;
				CLANG_WARN_INFINITE_RECURSION = YES;
				CLANG_WARN_INT_CONVERSION = YES;
				CLANG_WARN_NON_LITERAL_NULL_CONVERSION = YES;
				CLANG_WARN_OBJC_IMPLICIT_RETAIN_SELF = YES;
				CLANG_WARN_OBJC_LITERAL_CONVERSION = YES;
				CLANG_WARN_OBJC_ROOT_CLASS = YES_ERROR;
				CLANG_WARN_QUOTED_INCLUDE_IN_FRAMEWORK_HEADER = YES;
				CLANG_WARN_RANGE_LOOP_ANALYSIS = YES;
				CLANG_WARN_STRICT_PROTOTYPES = YES;
				CLANG_WARN_SUSPICIOUS_MOVE = YES;
				CLANG_WARN_UNGUARDED_AVAILABILITY = YES_AGGRESSIVE;
				CLANG_WARN_UNREACHABLE_CODE = YES;
				CLANG_WARN__DUPLICATE_METHOD_MATCH = YES;
				COPY_PHASE_STRIP = NO;
				DEBUG_INFORMATION_FORMAT = "dwarf-with-dsym";
				ENABLE_NS_ASSERTIONS = NO;
				ENABLE_STRICT_OBJC_MSGSEND = YES;
				GCC_C_LANGUAGE_STANDARD = gnu11;
				GCC_NO_COMMON_BLOCKS = YES;
				GCC_WARN_64_TO_32_BIT_CONVERSION = YES;
				GCC_WARN_ABOUT_RETURN_TYPE = YES_ERROR;
				GCC_WARN_UNDECLARED_SELECTOR = YES;
				GCC_WARN_UNINITIALIZED_AUTOS = YES_AGGRESSIVE;
				GCC_WARN_UNUSED_FUNCTION = YES;
				GCC_WARN_UNUSED_VARIABLE = YES;
				IPHONEOS_DEPLOYMENT_TARGET = 15.0;
				MTL_ENABLE_DEBUG_INFO = NO;
				MTL_FAST_MATH = YES;
				SWIFT_COMPILATION_MODE = wholemodule;
				SWIFT_OPTIMIZATION_LEVEL = "-O";
			};
			name = Release;
		};
		BF8F9F1526FA1F04008E1B38 /* Debug */ = {
			isa = XCBuildConfiguration;
			buildSettings = {
				ASSETCATALOG_COMPILER_APPICON_NAME = AppIcon;
				ASSETCATALOG_COMPILER_GLOBAL_ACCENT_COLOR_NAME = AccentColor;
				CODE_SIGN_STYLE = Automatic;
				CURRENT_PROJECT_VERSION = 1;
				DEVELOPMENT_TEAM = U23RZZ7M6L;
				ENABLE_PREVIEWS = YES;
				GENERATE_INFOPLIST_FILE = YES;
				INFOPLIST_KEY_UIApplicationSceneManifest_Generation = YES;
				INFOPLIST_KEY_UIApplicationSupportsIndirectInputEvents = YES;
				INFOPLIST_KEY_UILaunchScreen_Generation = YES;
				INFOPLIST_KEY_UISupportedInterfaceOrientations_iPad = "UIInterfaceOrientationPortrait UIInterfaceOrientationPortraitUpsideDown UIInterfaceOrientationLandscapeLeft UIInterfaceOrientationLandscapeRight";
				INFOPLIST_KEY_UISupportedInterfaceOrientations_iPhone = "UIInterfaceOrientationPortrait UIInterfaceOrientationLandscapeLeft UIInterfaceOrientationLandscapeRight";
				IPHONEOS_DEPLOYMENT_TARGET = 15.0;
				LD_RUNPATH_SEARCH_PATHS = (
					"$(inherited)",
					"@executable_path/Frameworks",
				);
				MARKETING_VERSION = 1.0;
				PRODUCT_BUNDLE_IDENTIFIER = MichaelNovosad.FirebaseTest;
				PRODUCT_NAME = FirebaseTest;
				SDKROOT = iphoneos;
				SWIFT_EMIT_LOC_STRINGS = YES;
				SWIFT_VERSION = 5.0;
				TARGETED_DEVICE_FAMILY = "1,2";
			};
			name = Debug;
		};
		BF8F9F1626FA1F04008E1B38 /* Release */ = {
			isa = XCBuildConfiguration;
			buildSettings = {
				ASSETCATALOG_COMPILER_APPICON_NAME = AppIcon;
				ASSETCATALOG_COMPILER_GLOBAL_ACCENT_COLOR_NAME = AccentColor;
				CODE_SIGN_STYLE = Automatic;
				CURRENT_PROJECT_VERSION = 1;
				DEVELOPMENT_TEAM = U23RZZ7M6L;
				ENABLE_PREVIEWS = YES;
				GENERATE_INFOPLIST_FILE = YES;
				INFOPLIST_KEY_UIApplicationSceneManifest_Generation = YES;
				INFOPLIST_KEY_UIApplicationSupportsIndirectInputEvents = YES;
				INFOPLIST_KEY_UILaunchScreen_Generation = YES;
				INFOPLIST_KEY_UISupportedInterfaceOrientations_iPad = "UIInterfaceOrientationPortrait UIInterfaceOrientationPortraitUpsideDown UIInterfaceOrientationLandscapeLeft UIInterfaceOrientationLandscapeRight";
				INFOPLIST_KEY_UISupportedInterfaceOrientations_iPhone = "UIInterfaceOrientationPortrait UIInterfaceOrientationLandscapeLeft UIInterfaceOrientationLandscapeRight";
				IPHONEOS_DEPLOYMENT_TARGET = 15.0;
				LD_RUNPATH_SEARCH_PATHS = (
					"$(inherited)",
					"@executable_path/Frameworks",
				);
				MARKETING_VERSION = 1.0;
				PRODUCT_BUNDLE_IDENTIFIER = MichaelNovosad.FirebaseTest;
				PRODUCT_NAME = FirebaseTest;
				SDKROOT = iphoneos;
				SWIFT_EMIT_LOC_STRINGS = YES;
				SWIFT_VERSION = 5.0;
				TARGETED_DEVICE_FAMILY = "1,2";
				VALIDATE_PRODUCT = YES;
			};
			name = Release;
		};
/* End XCBuildConfiguration section */

/* Begin XCConfigurationList section */
		BF8F9EFA26FA1F01008E1B38 /* Build configuration list for PBXProject "FirebaseTest" */ = {
			isa = XCConfigurationList;
			buildConfigurations = (
				BF8F9F1226FA1F04008E1B38 /* Debug */,
				BF8F9F1326FA1F04008E1B38 /* Release */,
			);
			defaultConfigurationIsVisible = 0;
			defaultConfigurationName = Release;
		};
		BF8F9F1426FA1F04008E1B38 /* Build configuration list for PBXNativeTarget "FirebaseTest (iOS)" */ = {
			isa = XCConfigurationList;
			buildConfigurations = (
				BF8F9F1526FA1F04008E1B38 /* Debug */,
				BF8F9F1626FA1F04008E1B38 /* Release */,
			);
			defaultConfigurationIsVisible = 0;
			defaultConfigurationName = Release;
		};
/* End XCConfigurationList section */

/* Begin XCRemoteSwiftPackageReference section */
		BF8F9F1A26FA1F7B008E1B38 /* XCRemoteSwiftPackageReference "firebase-ios-sdk" */ = {
			isa = XCRemoteSwiftPackageReference;
			repositoryURL = "https://github.com/firebase/firebase-ios-sdk.git";
			requirement = {
				branch = master;
				kind = branch;
			};
		};
/* End XCRemoteSwiftPackageReference section */

/* Begin XCSwiftPackageProductDependency section */
		BF8F9F1B26FA1F7B008E1B38 /* FirebaseAuth */ = {
			isa = XCSwiftPackageProductDependency;
			package = BF8F9F1A26FA1F7B008E1B38 /* XCRemoteSwiftPackageReference "firebase-ios-sdk" */;
			productName = FirebaseAuth;
		};
		BF8F9F1D26FA1F7B008E1B38 /* FirebaseDatabase */ = {
			isa = XCSwiftPackageProductDependency;
			package = BF8F9F1A26FA1F7B008E1B38 /* XCRemoteSwiftPackageReference "firebase-ios-sdk" */;
			productName = FirebaseDatabase;
		};
		BF8F9F1F26FA1F7B008E1B38 /* FirebaseFirestore */ = {
			isa = XCSwiftPackageProductDependency;
			package = BF8F9F1A26FA1F7B008E1B38 /* XCRemoteSwiftPackageReference "firebase-ios-sdk" */;
			productName = FirebaseFirestore;
		};
		BF8F9F2126FA1F7B008E1B38 /* FirebaseMessaging */ = {
			isa = XCSwiftPackageProductDependency;
			package = BF8F9F1A26FA1F7B008E1B38 /* XCRemoteSwiftPackageReference "firebase-ios-sdk" */;
			productName = FirebaseMessaging;
		};
		BF8F9F2326FA1F7B008E1B38 /* FirebaseStorage */ = {
			isa = XCSwiftPackageProductDependency;
			package = BF8F9F1A26FA1F7B008E1B38 /* XCRemoteSwiftPackageReference "firebase-ios-sdk" */;
			productName = FirebaseStorage;
		};
/* End XCSwiftPackageProductDependency section */
	};
	rootObject = BF8F9EF726FA1F01008E1B38 /* Project object */;
}
